<?xml version="1.0" encoding="utf-8"?>
<Project ToolsVersion="4.0" xmlns="http://schemas.microsoft.com/developer/msbuild/2003">
  <ItemGroup>
    <Filter Include="Application">
      <UniqueIdentifier>{4ca63305-d083-453b-88a9-706f0a1ac180}</UniqueIdentifier>
    </Filter>
    <Filter Include="ModeServer">
      <UniqueIdentifier>{f65d1d8e-b785-4c0b-a849-085fd92b4b60}</UniqueIdentifier>
    </Filter>
    <Filter Include="CFile">
      <UniqueIdentifier>{8fbd5843-f112-4047-a7f8-83460621436b}</UniqueIdentifier>
    </Filter>
    <Filter Include="MyMath">
      <UniqueIdentifier>{58b08b4e-ddb2-4ea3-85a2-2ef582eaed0b}</UniqueIdentifier>
    </Filter>
    <Filter Include="Vector">
      <UniqueIdentifier>{7cd7589c-883f-4c96-9655-eac30e7d6e4e}</UniqueIdentifier>
    </Filter>
    <Filter Include="ResourceManager">
      <UniqueIdentifier>{108ff2df-d252-40dd-a58c-5f35e1d94128}</UniqueIdentifier>
    </Filter>
  </ItemGroup>
  <ItemGroup>
    <ClCompile Include="source\Application\ApplicationBase.cpp">
      <Filter>Application</Filter>
    </ClCompile>
    <ClCompile Include="source\Application\WinMain.cpp">
      <Filter>Application</Filter>
    </ClCompile>
    <ClCompile Include="source\Mode\ModeBase.cpp">
      <Filter>ModeServer</Filter>
    </ClCompile>
    <ClCompile Include="source\Mode\ModeServer.cpp">
      <Filter>ModeServer</Filter>
    </ClCompile>
    <ClCompile Include="source\File\CFile.cpp">
      <Filter>CFile</Filter>
    </ClCompile>
    <ClCompile Include="source\MyMath\mymath.cpp">
      <Filter>MyMath</Filter>
    </ClCompile>
    <ClCompile Include="source\Vector\Vector2.cpp">
      <Filter>Vector</Filter>
    </ClCompile>
    <ClCompile Include="source\ResourceManager\ResourceManager.cpp">
      <Filter>ResourceManager</Filter>
    </ClCompile>
    <ClCompile Include="source\File\JSONFile.cpp" />
    <ClCompile Include="source\JsonManeger\JsonManeger.cpp" />
    <ClCompile Include="source\EventSystem\EventSystem.cpp" />
    <ClCompile Include="source\Convert\Convert.cpp" />
  </ItemGroup>
  <ItemGroup>
    <ClInclude Include="source\Application\ApplicationBase.h">
      <Filter>Application</Filter>
    </ClInclude>
    <ClInclude Include="source\Application\UtilMacro.h">
      <Filter>Application</Filter>
    </ClInclude>
    <ClInclude Include="source\appframe.h" />
    <ClInclude Include="source\Mode\ModeBase.h">
      <Filter>ModeServer</Filter>
    </ClInclude>
    <ClInclude Include="source\Mode\ModeServer.h">
      <Filter>ModeServer</Filter>
    </ClInclude>
    <ClInclude Include="source\File\CFile.h">
      <Filter>CFile</Filter>
    </ClInclude>
    <ClInclude Include="source\MyMath\mymath.h">
      <Filter>MyMath</Filter>
    </ClInclude>
    <ClInclude Include="source\Vector\Vector2.h">
      <Filter>Vector</Filter>
    </ClInclude>
    <ClInclude Include="source\ResourceManager\ResourceManager.h">
      <Filter>ResourceManager</Filter>
    </ClInclude>
    <ClInclude Include="source\File\JSONFile.h" />
    <ClInclude Include="source\JsonManeger\JsonManeger.h" />
    <ClInclude Include="source\EventSystem\EventSystem.h" />
    <ClInclude Include="source\Convert\Convert.h" />
  </ItemGroup>
</Project>